// !$*UTF8*$!
{
	archiveVersion = 1;
	classes = {
	};
	objectVersion = 56;
	objects = {

/* Begin PBXBuildFile section */
		498922A8EB754135940975E2 /* Pods_GnosisPayTests.framework in Frameworks */ = {isa = PBXBuildFile; fileRef = 50D093F2BC0B3E1406BE21DB /* Pods_GnosisPayTests.framework */; };
		C27B4592190651C5A85F9DCF /* Pods_GnosisPay.framework in Frameworks */ = {isa = PBXBuildFile; fileRef = D96F1A81BB10E23F1951430B /* Pods_GnosisPay.framework */; };
		EF56B3612A0146DC002CCE27 /* GnosisPayApp.swift in Sources */ = {isa = PBXBuildFile; fileRef = EF56B3602A0146DC002CCE27 /* GnosisPayApp.swift */; };
		EF56B3632A0146DC002CCE27 /* ContentView.swift in Sources */ = {isa = PBXBuildFile; fileRef = EF56B3622A0146DC002CCE27 /* ContentView.swift */; };
		EF56B3652A0146DD002CCE27 /* Assets.xcassets in Resources */ = {isa = PBXBuildFile; fileRef = EF56B3642A0146DD002CCE27 /* Assets.xcassets */; };
		EF56B3682A0146DD002CCE27 /* Preview Assets.xcassets in Resources */ = {isa = PBXBuildFile; fileRef = EF56B3672A0146DD002CCE27 /* Preview Assets.xcassets */; };
		EF56B3722A0146DD002CCE27 /* GnosisPayTests.swift in Sources */ = {isa = PBXBuildFile; fileRef = EF56B3712A0146DD002CCE27 /* GnosisPayTests.swift */; };
/* End PBXBuildFile section */

/* Begin PBXContainerItemProxy section */
		EF56B36E2A0146DD002CCE27 /* PBXContainerItemProxy */ = {
			isa = PBXContainerItemProxy;
			containerPortal = EF56B3552A0146DC002CCE27 /* Project object */;
			proxyType = 1;
			remoteGlobalIDString = EF56B35C2A0146DC002CCE27;
			remoteInfo = GnosisPay;
		};
/* End PBXContainerItemProxy section */

/* Begin PBXFileReference section */
		01775F265BB6A49C4702D7EF /* Pods-GnosisPayTests.release.xcconfig */ = {isa = PBXFileReference; includeInIndex = 1; lastKnownFileType = text.xcconfig; name = "Pods-GnosisPayTests.release.xcconfig"; path = "Target Support Files/Pods-GnosisPayTests/Pods-GnosisPayTests.release.xcconfig"; sourceTree = "<group>"; };
		50D093F2BC0B3E1406BE21DB /* Pods_GnosisPayTests.framework */ = {isa = PBXFileReference; explicitFileType = wrapper.framework; includeInIndex = 0; path = Pods_GnosisPayTests.framework; sourceTree = BUILT_PRODUCTS_DIR; };
		5890517E633AD5DB1A1FD91A /* Pods-GnosisPay.debug.xcconfig */ = {isa = PBXFileReference; includeInIndex = 1; lastKnownFileType = text.xcconfig; name = "Pods-GnosisPay.debug.xcconfig"; path = "Target Support Files/Pods-GnosisPay/Pods-GnosisPay.debug.xcconfig"; sourceTree = "<group>"; };
		666901E70C57316F75F39B7E /* Pods-GnosisPay.release.xcconfig */ = {isa = PBXFileReference; includeInIndex = 1; lastKnownFileType = text.xcconfig; name = "Pods-GnosisPay.release.xcconfig"; path = "Target Support Files/Pods-GnosisPay/Pods-GnosisPay.release.xcconfig"; sourceTree = "<group>"; };
		D952BBB7FD61F91F93A0B2AD /* Pods-GnosisPayTests.debug.xcconfig */ = {isa = PBXFileReference; includeInIndex = 1; lastKnownFileType = text.xcconfig; name = "Pods-GnosisPayTests.debug.xcconfig"; path = "Target Support Files/Pods-GnosisPayTests/Pods-GnosisPayTests.debug.xcconfig"; sourceTree = "<group>"; };
		D96F1A81BB10E23F1951430B /* Pods_GnosisPay.framework */ = {isa = PBXFileReference; explicitFileType = wrapper.framework; includeInIndex = 0; path = Pods_GnosisPay.framework; sourceTree = BUILT_PRODUCTS_DIR; };
		EF56B35D2A0146DC002CCE27 /* GnosisPay.app */ = {isa = PBXFileReference; explicitFileType = wrapper.application; includeInIndex = 0; path = GnosisPay.app; sourceTree = BUILT_PRODUCTS_DIR; };
		EF56B3602A0146DC002CCE27 /* GnosisPayApp.swift */ = {isa = PBXFileReference; lastKnownFileType = sourcecode.swift; path = GnosisPayApp.swift; sourceTree = "<group>"; };
		EF56B3622A0146DC002CCE27 /* ContentView.swift */ = {isa = PBXFileReference; lastKnownFileType = sourcecode.swift; path = ContentView.swift; sourceTree = "<group>"; };
		EF56B3642A0146DD002CCE27 /* Assets.xcassets */ = {isa = PBXFileReference; lastKnownFileType = folder.assetcatalog; path = Assets.xcassets; sourceTree = "<group>"; };
		EF56B3672A0146DD002CCE27 /* Preview Assets.xcassets */ = {isa = PBXFileReference; lastKnownFileType = folder.assetcatalog; path = "Preview Assets.xcassets"; sourceTree = "<group>"; };
		EF56B36D2A0146DD002CCE27 /* GnosisPayTests.xctest */ = {isa = PBXFileReference; explicitFileType = wrapper.cfbundle; includeInIndex = 0; path = GnosisPayTests.xctest; sourceTree = BUILT_PRODUCTS_DIR; };
		EF56B3712A0146DD002CCE27 /* GnosisPayTests.swift */ = {isa = PBXFileReference; lastKnownFileType = sourcecode.swift; path = GnosisPayTests.swift; sourceTree = "<group>"; };
/* End PBXFileReference section */

/* Begin PBXFrameworksBuildPhase section */
		EF56B35A2A0146DC002CCE27 /* Frameworks */ = {
			isa = PBXFrameworksBuildPhase;
			buildActionMask = 2147483647;
			files = (
				C27B4592190651C5A85F9DCF /* Pods_GnosisPay.framework in Frameworks */,
			);
			runOnlyForDeploymentPostprocessing = 0;
		};
		EF56B36A2A0146DD002CCE27 /* Frameworks */ = {
			isa = PBXFrameworksBuildPhase;
			buildActionMask = 2147483647;
			files = (
				498922A8EB754135940975E2 /* Pods_GnosisPayTests.framework in Frameworks */,
			);
			runOnlyForDeploymentPostprocessing = 0;
		};
/* End PBXFrameworksBuildPhase section */

/* Begin PBXGroup section */
		DD8AC92FA717E7FEF54D7D5C /* Frameworks */ = {
			isa = PBXGroup;
			children = (
				D96F1A81BB10E23F1951430B /* Pods_GnosisPay.framework */,
				50D093F2BC0B3E1406BE21DB /* Pods_GnosisPayTests.framework */,
			);
			name = Frameworks;
			sourceTree = "<group>";
		};
		E77D4249B7F9128BB3F52B6E /* Pods */ = {
			isa = PBXGroup;
			children = (
				5890517E633AD5DB1A1FD91A /* Pods-GnosisPay.debug.xcconfig */,
				666901E70C57316F75F39B7E /* Pods-GnosisPay.release.xcconfig */,
				D952BBB7FD61F91F93A0B2AD /* Pods-GnosisPayTests.debug.xcconfig */,
				01775F265BB6A49C4702D7EF /* Pods-GnosisPayTests.release.xcconfig */,
			);
			name = Pods;
			path = Pods;
			sourceTree = "<group>";
		};
		EF56B3542A0146DC002CCE27 = {
			isa = PBXGroup;
			children = (
				EF56B35F2A0146DC002CCE27 /* GnosisPay */,
				EF56B3702A0146DD002CCE27 /* GnosisPayTests */,
				EF56B35E2A0146DC002CCE27 /* Products */,
				E77D4249B7F9128BB3F52B6E /* Pods */,
				DD8AC92FA717E7FEF54D7D5C /* Frameworks */,
			);
			sourceTree = "<group>";
		};
		EF56B35E2A0146DC002CCE27 /* Products */ = {
			isa = PBXGroup;
			children = (
				EF56B35D2A0146DC002CCE27 /* GnosisPay.app */,
				EF56B36D2A0146DD002CCE27 /* GnosisPayTests.xctest */,
			);
			name = Products;
			sourceTree = "<group>";
		};
		EF56B35F2A0146DC002CCE27 /* GnosisPay */ = {
			isa = PBXGroup;
			children = (
				EF56B3602A0146DC002CCE27 /* GnosisPayApp.swift */,
				EF56B3622A0146DC002CCE27 /* ContentView.swift */,
				EF56B3642A0146DD002CCE27 /* Assets.xcassets */,
				EF56B3662A0146DD002CCE27 /* Preview Content */,
			);
			path = GnosisPay;
			sourceTree = "<group>";
		};
		EF56B3662A0146DD002CCE27 /* Preview Content */ = {
			isa = PBXGroup;
			children = (
				EF56B3672A0146DD002CCE27 /* Preview Assets.xcassets */,
			);
			path = "Preview Content";
			sourceTree = "<group>";
		};
		EF56B3702A0146DD002CCE27 /* GnosisPayTests */ = {
			isa = PBXGroup;
			children = (
				EF56B3712A0146DD002CCE27 /* GnosisPayTests.swift */,
			);
			path = GnosisPayTests;
			sourceTree = "<group>";
		};
/* End PBXGroup section */

/* Begin PBXNativeTarget section */
		EF56B35C2A0146DC002CCE27 /* GnosisPay */ = {
			isa = PBXNativeTarget;
			buildConfigurationList = EF56B3812A0146DD002CCE27 /* Build configuration list for PBXNativeTarget "GnosisPay" */;
			buildPhases = (
				24CAF865A369C3109DA1C2E2 /* [CP] Check Pods Manifest.lock */,
				EF56B3592A0146DC002CCE27 /* Sources */,
				EF56B35A2A0146DC002CCE27 /* Frameworks */,
				EF56B35B2A0146DC002CCE27 /* Resources */,
				79A3BE518093A05B8F3AF17B /* [CP] Embed Pods Frameworks */,
			);
			buildRules = (
			);
			dependencies = (
			);
			name = GnosisPay;
			productName = GnosisPay;
			productReference = EF56B35D2A0146DC002CCE27 /* GnosisPay.app */;
			productType = "com.apple.product-type.application";
		};
		EF56B36C2A0146DD002CCE27 /* GnosisPayTests */ = {
			isa = PBXNativeTarget;
			buildConfigurationList = EF56B3842A0146DD002CCE27 /* Build configuration list for PBXNativeTarget "GnosisPayTests" */;
			buildPhases = (
				339769B5960967E864330795 /* [CP] Check Pods Manifest.lock */,
				EF56B3692A0146DD002CCE27 /* Sources */,
				EF56B36A2A0146DD002CCE27 /* Frameworks */,
				EF56B36B2A0146DD002CCE27 /* Resources */,
			);
			buildRules = (
			);
			dependencies = (
				EF56B36F2A0146DD002CCE27 /* PBXTargetDependency */,
			);
			name = GnosisPayTests;
			productName = GnosisPayTests;
			productReference = EF56B36D2A0146DD002CCE27 /* GnosisPayTests.xctest */;
			productType = "com.apple.product-type.bundle.unit-test";
		};
/* End PBXNativeTarget section */

/* Begin PBXProject section */
		EF56B3552A0146DC002CCE27 /* Project object */ = {
			isa = PBXProject;
			attributes = {
				BuildIndependentTargetsInParallel = 1;
				LastSwiftUpdateCheck = 1430;
				LastUpgradeCheck = 1430;
				TargetAttributes = {
					EF56B35C2A0146DC002CCE27 = {
						CreatedOnToolsVersion = 14.3;
					};
					EF56B36C2A0146DD002CCE27 = {
						CreatedOnToolsVersion = 14.3;
						TestTargetID = EF56B35C2A0146DC002CCE27;
					};
				};
			};
			buildConfigurationList = EF56B3582A0146DC002CCE27 /* Build configuration list for PBXProject "GnosisPay" */;
			compatibilityVersion = "Xcode 14.0";
			developmentRegion = en;
			hasScannedForEncodings = 0;
			knownRegions = (
				en,
				Base,
			);
			mainGroup = EF56B3542A0146DC002CCE27;
			productRefGroup = EF56B35E2A0146DC002CCE27 /* Products */;
			projectDirPath = "";
			projectRoot = "";
			targets = (
				EF56B35C2A0146DC002CCE27 /* GnosisPay */,
				EF56B36C2A0146DD002CCE27 /* GnosisPayTests */,
			);
		};
/* End PBXProject section */

/* Begin PBXResourcesBuildPhase section */
		EF56B35B2A0146DC002CCE27 /* Resources */ = {
			isa = PBXResourcesBuildPhase;
			buildActionMask = 2147483647;
			files = (
				EF56B3682A0146DD002CCE27 /* Preview Assets.xcassets in Resources */,
				EF56B3652A0146DD002CCE27 /* Assets.xcassets in Resources */,
			);
			runOnlyForDeploymentPostprocessing = 0;
		};
		EF56B36B2A0146DD002CCE27 /* Resources */ = {
			isa = PBXResourcesBuildPhase;
			buildActionMask = 2147483647;
			files = (
			);
			runOnlyForDeploymentPostprocessing = 0;
		};
/* End PBXResourcesBuildPhase section */

/* Begin PBXShellScriptBuildPhase section */
		24CAF865A369C3109DA1C2E2 /* [CP] Check Pods Manifest.lock */ = {
			isa = PBXShellScriptBuildPhase;
			buildActionMask = 2147483647;
			files = (
			);
			inputFileListPaths = (
			);
			inputPaths = (
				"${PODS_PODFILE_DIR_PATH}/Podfile.lock",
				"${PODS_ROOT}/Manifest.lock",
			);
			name = "[CP] Check Pods Manifest.lock";
			outputFileListPaths = (
			);
			outputPaths = (
				"$(DERIVED_FILE_DIR)/Pods-GnosisPay-checkManifestLockResult.txt",
			);
			runOnlyForDeploymentPostprocessing = 0;
			shellPath = /bin/sh;
			shellScript = "diff \"${PODS_PODFILE_DIR_PATH}/Podfile.lock\" \"${PODS_ROOT}/Manifest.lock\" > /dev/null\nif [ $? != 0 ] ; then\n    # print error to STDERR\n    echo \"error: The sandbox is not in sync with the Podfile.lock. Run 'pod install' or update your CocoaPods installation.\" >&2\n    exit 1\nfi\n# This output is used by Xcode 'outputs' to avoid re-running this script phase.\necho \"SUCCESS\" > \"${SCRIPT_OUTPUT_FILE_0}\"\n";
			showEnvVarsInLog = 0;
		};
		339769B5960967E864330795 /* [CP] Check Pods Manifest.lock */ = {
			isa = PBXShellScriptBuildPhase;
			buildActionMask = 2147483647;
			files = (
			);
			inputFileListPaths = (
			);
			inputPaths = (
				"${PODS_PODFILE_DIR_PATH}/Podfile.lock",
				"${PODS_ROOT}/Manifest.lock",
			);
			name = "[CP] Check Pods Manifest.lock";
			outputFileListPaths = (
			);
			outputPaths = (
				"$(DERIVED_FILE_DIR)/Pods-GnosisPayTests-checkManifestLockResult.txt",
			);
			runOnlyForDeploymentPostprocessing = 0;
			shellPath = /bin/sh;
			shellScript = "diff \"${PODS_PODFILE_DIR_PATH}/Podfile.lock\" \"${PODS_ROOT}/Manifest.lock\" > /dev/null\nif [ $? != 0 ] ; then\n    # print error to STDERR\n    echo \"error: The sandbox is not in sync with the Podfile.lock. Run 'pod install' or update your CocoaPods installation.\" >&2\n    exit 1\nfi\n# This output is used by Xcode 'outputs' to avoid re-running this script phase.\necho \"SUCCESS\" > \"${SCRIPT_OUTPUT_FILE_0}\"\n";
			showEnvVarsInLog = 0;
		};
		79A3BE518093A05B8F3AF17B /* [CP] Embed Pods Frameworks */ = {
			isa = PBXShellScriptBuildPhase;
			buildActionMask = 2147483647;
			files = (
			);
			inputFileListPaths = (
				"${PODS_ROOT}/Target Support Files/Pods-GnosisPay/Pods-GnosisPay-frameworks-${CONFIGURATION}-input-files.xcfilelist",
			);
			name = "[CP] Embed Pods Frameworks";
			outputFileListPaths = (
				"${PODS_ROOT}/Target Support Files/Pods-GnosisPay/Pods-GnosisPay-frameworks-${CONFIGURATION}-output-files.xcfilelist",
			);
			runOnlyForDeploymentPostprocessing = 0;
			shellPath = /bin/sh;
			shellScript = "\"${PODS_ROOT}/Target Support Files/Pods-GnosisPay/Pods-GnosisPay-frameworks.sh\"\n";
			showEnvVarsInLog = 0;
		};
/* End PBXShellScriptBuildPhase section */

/* Begin PBXSourcesBuildPhase section */
		EF56B3592A0146DC002CCE27 /* Sources */ = {
			isa = PBXSourcesBuildPhase;
			buildActionMask = 2147483647;
			files = (
				EF56B3632A0146DC002CCE27 /* ContentView.swift in Sources */,
				EF56B3612A0146DC002CCE27 /* GnosisPayApp.swift in Sources */,
			);
			runOnlyForDeploymentPostprocessing = 0;
		};
		EF56B3692A0146DD002CCE27 /* Sources */ = {
			isa = PBXSourcesBuildPhase;
			buildActionMask = 2147483647;
			files = (
				EF56B3722A0146DD002CCE27 /* GnosisPayTests.swift in Sources */,
			);
			runOnlyForDeploymentPostprocessing = 0;
		};
/* End PBXSourcesBuildPhase section */

/* Begin PBXTargetDependency section */
		EF56B36F2A0146DD002CCE27 /* PBXTargetDependency */ = {
			isa = PBXTargetDependency;
			target = EF56B35C2A0146DC002CCE27 /* GnosisPay */;
			targetProxy = EF56B36E2A0146DD002CCE27 /* PBXContainerItemProxy */;
		};
/* End PBXTargetDependency section */

/* Begin XCBuildConfiguration section */
		EF56B37F2A0146DD002CCE27 /* Debug */ = {
			isa = XCBuildConfiguration;
			buildSettings = {
				ALWAYS_SEARCH_USER_PATHS = NO;
				CLANG_ANALYZER_NONNULL = YES;
				CLANG_ANALYZER_NUMBER_OBJECT_CONVERSION = YES_AGGRESSIVE;
				CLANG_CXX_LANGUAGE_STANDARD = "gnu++20";
				CLANG_ENABLE_MODULES = YES;
				CLANG_ENABLE_OBJC_ARC = YES;
				CLANG_ENABLE_OBJC_WEAK = YES;
				CLANG_WARN_BLOCK_CAPTURE_AUTORELEASING = YES;
				CLANG_WARN_BOOL_CONVERSION = YES;
				CLANG_WARN_COMMA = YES;
				CLANG_WARN_CONSTANT_CONVERSION = YES;
				CLANG_WARN_DEPRECATED_OBJC_IMPLEMENTATIONS = YES;
				CLANG_WARN_DIRECT_OBJC_ISA_USAGE = YES_ERROR;
				CLANG_WARN_DOCUMENTATION_COMMENTS = YES;
				CLANG_WARN_EMPTY_BODY = YES;
				CLANG_WARN_ENUM_CONVERSION = YES;
				CLANG_WARN_INFINITE_RECURSION = YES;
				CLANG_WARN_INT_CONVERSION = YES;
				CLANG_WARN_NON_LITERAL_NULL_CONVERSION = YES;
				CLANG_WARN_OBJC_IMPLICIT_RETAIN_SELF = YES;
				CLANG_WARN_OBJC_LITERAL_CONVERSION = YES;
				CLANG_WARN_OBJC_ROOT_CLASS = YES_ERROR;
				CLANG_WARN_QUOTED_INCLUDE_IN_FRAMEWORK_HEADER = YES;
				CLANG_WARN_RANGE_LOOP_ANALYSIS = YES;
				CLANG_WARN_STRICT_PROTOTYPES = YES;
				CLANG_WARN_SUSPICIOUS_MOVE = YES;
				CLANG_WARN_UNGUARDED_AVAILABILITY = YES_AGGRESSIVE;
				CLANG_WARN_UNREACHABLE_CODE = YES;
				CLANG_WARN__DUPLICATE_METHOD_MATCH = YES;
				COPY_PHASE_STRIP = NO;
				DEBUG_INFORMATION_FORMAT = dwarf;
				ENABLE_STRICT_OBJC_MSGSEND = YES;
				ENABLE_TESTABILITY = YES;
				GCC_C_LANGUAGE_STANDARD = gnu11;
				GCC_DYNAMIC_NO_PIC = NO;
				GCC_NO_COMMON_BLOCKS = YES;
				GCC_OPTIMIZATION_LEVEL = 0;
				GCC_PREPROCESSOR_DEFINITIONS = (
					"DEBUG=1",
					"$(inherited)",
				);
				GCC_WARN_64_TO_32_BIT_CONVERSION = YES;
				GCC_WARN_ABOUT_RETURN_TYPE = YES_ERROR;
				GCC_WARN_UNDECLARED_SELECTOR = YES;
				GCC_WARN_UNINITIALIZED_AUTOS = YES_AGGRESSIVE;
				GCC_WARN_UNUSED_FUNCTION = YES;
				GCC_WARN_UNUSED_VARIABLE = YES;
				IPHONEOS_DEPLOYMENT_TARGET = 16.0;
				MTL_ENABLE_DEBUG_INFO = INCLUDE_SOURCE;
				MTL_FAST_MATH = YES;
				ONLY_ACTIVE_ARCH = YES;
				SDKROOT = iphoneos;
				SWIFT_ACTIVE_COMPILATION_CONDITIONS = DEBUG;
				SWIFT_OPTIMIZATION_LEVEL = "-Onone";
			};
			name = Debug;
		};
		EF56B3802A0146DD002CCE27 /* Release */ = {
			isa = XCBuildConfiguration;
			buildSettings = {
				ALWAYS_SEARCH_USER_PATHS = NO;
				CLANG_ANALYZER_NONNULL = YES;
				CLANG_ANALYZER_NUMBER_OBJECT_CONVERSION = YES_AGGRESSIVE;
				CLANG_CXX_LANGUAGE_STANDARD = "gnu++20";
				CLANG_ENABLE_MODULES = YES;
				CLANG_ENABLE_OBJC_ARC = YES;
				CLANG_ENABLE_OBJC_WEAK = YES;
				CLANG_WARN_BLOCK_CAPTURE_AUTORELEASING = YES;
				CLANG_WARN_BOOL_CONVERSION = YES;
				CLANG_WARN_COMMA = YES;
				CLANG_WARN_CONSTANT_CONVERSION = YES;
				CLANG_WARN_DEPRECATED_OBJC_IMPLEMENTATIONS = YES;
				CLANG_WARN_DIRECT_OBJC_ISA_USAGE = YES_ERROR;
				CLANG_WARN_DOCUMENTATION_COMMENTS = YES;
				CLANG_WARN_EMPTY_BODY = YES;
				CLANG_WARN_ENUM_CONVERSION = YES;
				CLANG_WARN_INFINITE_RECURSION = YES;
				CLANG_WARN_INT_CONVERSION = YES;
				CLANG_WARN_NON_LITERAL_NULL_CONVERSION = YES;
				CLANG_WARN_OBJC_IMPLICIT_RETAIN_SELF = YES;
				CLANG_WARN_OBJC_LITERAL_CONVERSION = YES;
				CLANG_WARN_OBJC_ROOT_CLASS = YES_ERROR;
				CLANG_WARN_QUOTED_INCLUDE_IN_FRAMEWORK_HEADER = YES;
				CLANG_WARN_RANGE_LOOP_ANALYSIS = YES;
				CLANG_WARN_STRICT_PROTOTYPES = YES;
				CLANG_WARN_SUSPICIOUS_MOVE = YES;
				CLANG_WARN_UNGUARDED_AVAILABILITY = YES_AGGRESSIVE;
				CLANG_WARN_UNREACHABLE_CODE = YES;
				CLANG_WARN__DUPLICATE_METHOD_MATCH = YES;
				COPY_PHASE_STRIP = NO;
				DEBUG_INFORMATION_FORMAT = "dwarf-with-dsym";
				ENABLE_NS_ASSERTIONS = NO;
				ENABLE_STRICT_OBJC_MSGSEND = YES;
				GCC_C_LANGUAGE_STANDARD = gnu11;
				GCC_NO_COMMON_BLOCKS = YES;
				GCC_WARN_64_TO_32_BIT_CONVERSION = YES;
				GCC_WARN_ABOUT_RETURN_TYPE = YES_ERROR;
				GCC_WARN_UNDECLARED_SELECTOR = YES;
				GCC_WARN_UNINITIALIZED_AUTOS = YES_AGGRESSIVE;
				GCC_WARN_UNUSED_FUNCTION = YES;
				GCC_WARN_UNUSED_VARIABLE = YES;
				IPHONEOS_DEPLOYMENT_TARGET = 16.0;
				MTL_ENABLE_DEBUG_INFO = NO;
				MTL_FAST_MATH = YES;
				SDKROOT = iphoneos;
				SWIFT_COMPILATION_MODE = wholemodule;
				SWIFT_OPTIMIZATION_LEVEL = "-O";
				VALIDATE_PRODUCT = YES;
			};
			name = Release;
		};
		EF56B3822A0146DD002CCE27 /* Debug */ = {
			isa = XCBuildConfiguration;
			baseConfigurationReference = 5890517E633AD5DB1A1FD91A /* Pods-GnosisPay.debug.xcconfig */;
			buildSettings = {
				ASSETCATALOG_COMPILER_APPICON_NAME = AppIcon;
				ASSETCATALOG_COMPILER_GLOBAL_ACCENT_COLOR_NAME = AccentColor;
				CODE_SIGN_STYLE = Automatic;
				CURRENT_PROJECT_VERSION = 1;
				DEVELOPMENT_ASSET_PATHS = "\"GnosisPay/Preview Content\"";
				DEVELOPMENT_TEAM = 4897UJ6D8C;
				ENABLE_PREVIEWS = YES;
				GENERATE_INFOPLIST_FILE = YES;
				INFOPLIST_KEY_CFBundleDisplayName = "Gnosis Pay";
				INFOPLIST_KEY_UIApplicationSceneManifest_Generation = YES;
				INFOPLIST_KEY_UIApplicationSupportsIndirectInputEvents = YES;
				INFOPLIST_KEY_UILaunchScreen_Generation = YES;
				INFOPLIST_KEY_UISupportedInterfaceOrientations = UIInterfaceOrientationPortrait;
				INFOPLIST_KEY_UISupportedInterfaceOrientations_iPad = "UIInterfaceOrientationLandscapeLeft UIInterfaceOrientationLandscapeRight UIInterfaceOrientationPortrait UIInterfaceOrientationPortraitUpsideDown";
				LD_RUNPATH_SEARCH_PATHS = (
					"$(inherited)",
					"@executable_path/Frameworks",
				);
				MARKETING_VERSION = 1.0;
				PRODUCT_BUNDLE_IDENTIFIER = io.gnosis.GnosisPay;
				PRODUCT_NAME = "$(TARGET_NAME)";
				SUPPORTED_PLATFORMS = "iphoneos iphonesimulator";
				SUPPORTS_MACCATALYST = NO;
				SUPPORTS_MAC_DESIGNED_FOR_IPHONE_IPAD = NO;
				SWIFT_EMIT_LOC_STRINGS = YES;
				SWIFT_VERSION = 5.0;
				TARGETED_DEVICE_FAMILY = 1;
			};
			name = Debug;
		};
		EF56B3832A0146DD002CCE27 /* Release */ = {
			isa = XCBuildConfiguration;
			baseConfigurationReference = 666901E70C57316F75F39B7E /* Pods-GnosisPay.release.xcconfig */;
			buildSettings = {
				ASSETCATALOG_COMPILER_APPICON_NAME = AppIcon;
				ASSETCATALOG_COMPILER_GLOBAL_ACCENT_COLOR_NAME = AccentColor;
				CODE_SIGN_STYLE = Automatic;
				CURRENT_PROJECT_VERSION = 1;
				DEVELOPMENT_ASSET_PATHS = "\"GnosisPay/Preview Content\"";
				DEVELOPMENT_TEAM = 4897UJ6D8C;
				ENABLE_PREVIEWS = YES;
				GENERATE_INFOPLIST_FILE = YES;
				INFOPLIST_KEY_CFBundleDisplayName = "Gnosis Pay";
				INFOPLIST_KEY_UIApplicationSceneManifest_Generation = YES;
				INFOPLIST_KEY_UIApplicationSupportsIndirectInputEvents = YES;
				INFOPLIST_KEY_UILaunchScreen_Generation = YES;
				INFOPLIST_KEY_UISupportedInterfaceOrientations = UIInterfaceOrientationPortrait;
				INFOPLIST_KEY_UISupportedInterfaceOrientations_iPad = "UIInterfaceOrientationLandscapeLeft UIInterfaceOrientationLandscapeRight UIInterfaceOrientationPortrait UIInterfaceOrientationPortraitUpsideDown";
				LD_RUNPATH_SEARCH_PATHS = (
					"$(inherited)",
					"@executable_path/Frameworks",
				);
				MARKETING_VERSION = 1.0;
				PRODUCT_BUNDLE_IDENTIFIER = io.gnosis.GnosisPay;
				PRODUCT_NAME = "$(TARGET_NAME)";
				SUPPORTED_PLATFORMS = "iphoneos iphonesimulator";
				SUPPORTS_MACCATALYST = NO;
				SUPPORTS_MAC_DESIGNED_FOR_IPHONE_IPAD = NO;
				SWIFT_EMIT_LOC_STRINGS = YES;
				SWIFT_VERSION = 5.0;
				TARGETED_DEVICE_FAMILY = 1;
			};
			name = Release;
		};
		EF56B3852A0146DD002CCE27 /* Debug */ = {
			isa = XCBuildConfiguration;
			baseConfigurationReference = D952BBB7FD61F91F93A0B2AD /* Pods-GnosisPayTests.debug.xcconfig */;
			buildSettings = {
				ALWAYS_EMBED_SWIFT_STANDARD_LIBRARIES = YES;
				BUNDLE_LOADER = "$(TEST_HOST)";
				CODE_SIGN_STYLE = Automatic;
				CURRENT_PROJECT_VERSION = 1;
				DEVELOPMENT_TEAM = 4897UJ6D8C;
				GENERATE_INFOPLIST_FILE = YES;
				IPHONEOS_DEPLOYMENT_TARGET = 16.4;
				MARKETING_VERSION = 1.0;
				PRODUCT_BUNDLE_IDENTIFIER = io.gnosis.GnosisPayTests;
				PRODUCT_NAME = "$(TARGET_NAME)";
				SUPPORTED_PLATFORMS = "iphoneos iphonesimulator";
				SUPPORTS_MACCATALYST = NO;
				SUPPORTS_MAC_DESIGNED_FOR_IPHONE_IPAD = NO;
				SWIFT_EMIT_LOC_STRINGS = NO;
				SWIFT_VERSION = 5.0;
				TARGETED_DEVICE_FAMILY = 1;
				TEST_HOST = "$(BUILT_PRODUCTS_DIR)/GnosisPay.app/$(BUNDLE_EXECUTABLE_FOLDER_PATH)/GnosisPay";
			};
			name = Debug;
		};
		EF56B3862A0146DD002CCE27 /* Release */ = {
			isa = XCBuildConfiguration;
			baseConfigurationReference = 01775F265BB6A49C4702D7EF /* Pods-GnosisPayTests.release.xcconfig */;
			buildSettings = {
				ALWAYS_EMBED_SWIFT_STANDARD_LIBRARIES = YES;
				BUNDLE_LOADER = "$(TEST_HOST)";
				CODE_SIGN_STYLE = Automatic;
				CURRENT_PROJECT_VERSION = 1;
				DEVELOPMENT_TEAM = 4897UJ6D8C;
				GENERATE_INFOPLIST_FILE = YES;
				IPHONEOS_DEPLOYMENT_TARGET = 16.4;
				MARKETING_VERSION = 1.0;
				PRODUCT_BUNDLE_IDENTIFIER = io.gnosis.GnosisPayTests;
				PRODUCT_NAME = "$(TARGET_NAME)";
				SUPPORTED_PLATFORMS = "iphoneos iphonesimulator";
				SUPPORTS_MACCATALYST = NO;
				SUPPORTS_MAC_DESIGNED_FOR_IPHONE_IPAD = NO;
				SWIFT_EMIT_LOC_STRINGS = NO;
				SWIFT_VERSION = 5.0;
				TARGETED_DEVICE_FAMILY = 1;
				TEST_HOST = "$(BUILT_PRODUCTS_DIR)/GnosisPay.app/$(BUNDLE_EXECUTABLE_FOLDER_PATH)/GnosisPay";
			};
			name = Release;
		};
/* End XCBuildConfiguration section */

/* Begin XCConfigurationList section */
		EF56B3582A0146DC002CCE27 /* Build configuration list for PBXProject "GnosisPay" */ = {
			isa = XCConfigurationList;
			buildConfigurations = (
				EF56B37F2A0146DD002CCE27 /* Debug */,
				EF56B3802A0146DD002CCE27 /* Release */,
			);
			defaultConfigurationIsVisible = 0;
			defaultConfigurationName = Release;
		};
		EF56B3812A0146DD002CCE27 /* Build configuration list for PBXNativeTarget "GnosisPay" */ = {
			isa = XCConfigurationList;
			buildConfigurations = (
				EF56B3822A0146DD002CCE27 /* Debug */,
				EF56B3832A0146DD002CCE27 /* Release */,
			);
			defaultConfigurationIsVisible = 0;
			defaultConfigurationName = Release;
		};
		EF56B3842A0146DD002CCE27 /* Build configuration list for PBXNativeTarget "GnosisPayTests" */ = {
			isa = XCConfigurationList;
			buildConfigurations = (
				EF56B3852A0146DD002CCE27 /* Debug */,
				EF56B3862A0146DD002CCE27 /* Release */,
			);
			defaultConfigurationIsVisible = 0;
			defaultConfigurationName = Release;
		};
/* End XCConfigurationList section */
	};
	rootObject = EF56B3552A0146DC002CCE27 /* Project object */;
}
